
Microsoft Visual Studio Solution File, Format Version 12.00
# Visual Studio 15
VisualStudioVersion = 15.0.26730.12
MinimumVisualStudioVersion = 10.0.40219.1
Project("{FAE04EC0-301F-11D3-BF4B-00C04F79EFBC}") = "Exercise_03", "Exercise_03\Exercise_03.csproj", "{EE7D5B8E-EC4E-458C-A991-4F1FE8A86A52}"
EndProject
Global
	GlobalSection(SolutionConfigurationPlatforms) = preSolution
		Debug|Any CPU = Debug|Any CPU
		Release|Any CPU = Release|Any CPU
	EndGlobalSection
	GlobalSection(ProjectConfigurationPlatforms) = postSolution
		{EE7D5B8E-EC4E-458C-A991-4F1FE8A86A52}.Debug|Any CPU.ActiveCfg = Debug|Any CPU
		{EE7D5B8E-EC4E-458C-A991-4F1FE8A86A52}.Debug|Any CPU.Build.0 = Debug|Any CPU
		{EE7D5B8E-EC4E-458C-A991-4F1FE8A86A52}.Release|Any CPU.ActiveCfg = Release|Any CPU
		{EE7D5B8E-EC4E-458C-A991-4F1FE8A86A52}.Release|Any CPU.Build.0 = Release|Any CPU
	EndGlobalSection
	GlobalSection(SolutionProperties) = preSolution
		HideSolutionNode = FALSE
	EndGlobalSection
	GlobalSection(ExtensibilityGlobals) = postSolution
		SolutionGuid = {CE48996D-C210-4665-AD5A-1E34054BEDE3}
	EndGlobalSection
EndGlobal
