
Microsoft Visual Studio Solution File, Format Version 12.00
# Visual Studio 15
VisualStudioVersion = 15.0.26730.12
MinimumVisualStudioVersion = 10.0.40219.1
Project("{FAE04EC0-301F-11D3-BF4B-00C04F79EFBC}") = "Exercise_02_BlogPost", "Exercise_02_BlogPost\Exercise_02_BlogPost.csproj", "{94902F46-A335-46D2-AFC7-45D12FD87583}"
EndProject
Global
	GlobalSection(SolutionConfigurationPlatforms) = preSolution
		Debug|Any CPU = Debug|Any CPU
		Release|Any CPU = Release|Any CPU
	EndGlobalSection
	GlobalSection(ProjectConfigurationPlatforms) = postSolution
		{94902F46-A335-46D2-AFC7-45D12FD87583}.Debug|Any CPU.ActiveCfg = Debug|Any CPU
		{94902F46-A335-46D2-AFC7-45D12FD87583}.Debug|Any CPU.Build.0 = Debug|Any CPU
		{94902F46-A335-46D2-AFC7-45D12FD87583}.Release|Any CPU.ActiveCfg = Release|Any CPU
		{94902F46-A335-46D2-AFC7-45D12FD87583}.Release|Any CPU.Build.0 = Release|Any CPU
	EndGlobalSection
	GlobalSection(SolutionProperties) = preSolution
		HideSolutionNode = FALSE
	EndGlobalSection
	GlobalSection(ExtensibilityGlobals) = postSolution
		SolutionGuid = {776EBF92-69C6-46C5-AF51-DC31D6EFAEED}
	EndGlobalSection
EndGlobal
