
Microsoft Visual Studio Solution File, Format Version 12.00
# Visual Studio 15
VisualStudioVersion = 15.0.26730.16
MinimumVisualStudioVersion = 10.0.40219.1
Project("{FAE04EC0-301F-11D3-BF4B-00C04F79EFBC}") = "RpG", "RpG\RpG.csproj", "{6BE7AABA-0808-47BC-9CC9-4C1CC3FBD321}"
EndProject
Global
	GlobalSection(SolutionConfigurationPlatforms) = preSolution
		Debug|Any CPU = Debug|Any CPU
		Release|Any CPU = Release|Any CPU
	EndGlobalSection
	GlobalSection(ProjectConfigurationPlatforms) = postSolution
		{6BE7AABA-0808-47BC-9CC9-4C1CC3FBD321}.Debug|Any CPU.ActiveCfg = Debug|Any CPU
		{6BE7AABA-0808-47BC-9CC9-4C1CC3FBD321}.Debug|Any CPU.Build.0 = Debug|Any CPU
		{6BE7AABA-0808-47BC-9CC9-4C1CC3FBD321}.Release|Any CPU.ActiveCfg = Release|Any CPU
		{6BE7AABA-0808-47BC-9CC9-4C1CC3FBD321}.Release|Any CPU.Build.0 = Release|Any CPU
	EndGlobalSection
	GlobalSection(SolutionProperties) = preSolution
		HideSolutionNode = FALSE
	EndGlobalSection
	GlobalSection(ExtensibilityGlobals) = postSolution
		SolutionGuid = {4C225390-CE07-496A-9F41-34258777AEDF}
	EndGlobalSection
EndGlobal
