
Microsoft Visual Studio Solution File, Format Version 12.00
# Visual Studio 15
VisualStudioVersion = 15.0.26730.12
MinimumVisualStudioVersion = 10.0.40219.1
Project("{FAE04EC0-301F-11D3-BF4B-00C04F79EFBC}") = "Exercise_21", "Exercise_21\Exercise_21.csproj", "{0339CE0D-C300-4967-8013-19F50C9ECBFA}"
EndProject
Global
	GlobalSection(SolutionConfigurationPlatforms) = preSolution
		Debug|Any CPU = Debug|Any CPU
		Release|Any CPU = Release|Any CPU
	EndGlobalSection
	GlobalSection(ProjectConfigurationPlatforms) = postSolution
		{0339CE0D-C300-4967-8013-19F50C9ECBFA}.Debug|Any CPU.ActiveCfg = Debug|Any CPU
		{0339CE0D-C300-4967-8013-19F50C9ECBFA}.Debug|Any CPU.Build.0 = Debug|Any CPU
		{0339CE0D-C300-4967-8013-19F50C9ECBFA}.Release|Any CPU.ActiveCfg = Release|Any CPU
		{0339CE0D-C300-4967-8013-19F50C9ECBFA}.Release|Any CPU.Build.0 = Release|Any CPU
	EndGlobalSection
	GlobalSection(SolutionProperties) = preSolution
		HideSolutionNode = FALSE
	EndGlobalSection
	GlobalSection(ExtensibilityGlobals) = postSolution
		SolutionGuid = {95BC8F48-3A99-404C-8377-9A81C8B044C2}
	EndGlobalSection
EndGlobal
