
Microsoft Visual Studio Solution File, Format Version 12.00
# Visual Studio 15
VisualStudioVersion = 15.0.26730.12
MinimumVisualStudioVersion = 10.0.40219.1
Project("{FAE04EC0-301F-11D3-BF4B-00C04F79EFBC}") = "Exercise_10", "Exercise_10\Exercise_10.csproj", "{D3DE1068-C3CD-4136-8FC7-6A32152E8E5D}"
EndProject
Global
	GlobalSection(SolutionConfigurationPlatforms) = preSolution
		Debug|Any CPU = Debug|Any CPU
		Release|Any CPU = Release|Any CPU
	EndGlobalSection
	GlobalSection(ProjectConfigurationPlatforms) = postSolution
		{D3DE1068-C3CD-4136-8FC7-6A32152E8E5D}.Debug|Any CPU.ActiveCfg = Debug|Any CPU
		{D3DE1068-C3CD-4136-8FC7-6A32152E8E5D}.Debug|Any CPU.Build.0 = Debug|Any CPU
		{D3DE1068-C3CD-4136-8FC7-6A32152E8E5D}.Release|Any CPU.ActiveCfg = Release|Any CPU
		{D3DE1068-C3CD-4136-8FC7-6A32152E8E5D}.Release|Any CPU.Build.0 = Release|Any CPU
	EndGlobalSection
	GlobalSection(SolutionProperties) = preSolution
		HideSolutionNode = FALSE
	EndGlobalSection
	GlobalSection(ExtensibilityGlobals) = postSolution
		SolutionGuid = {B5BB6D6F-419F-4DD7-B540-44C508D200F9}
	EndGlobalSection
EndGlobal
