
Microsoft Visual Studio Solution File, Format Version 12.00
# Visual Studio 15
VisualStudioVersion = 15.0.26730.12
MinimumVisualStudioVersion = 10.0.40219.1
Project("{FAE04EC0-301F-11D3-BF4B-00C04F79EFBC}") = "Exercise_06", "Exercise_06\Exercise_06.csproj", "{CDAFF7E3-1D89-48A3-9E8F-8C6DBEE0203B}"
EndProject
Global
	GlobalSection(SolutionConfigurationPlatforms) = preSolution
		Debug|Any CPU = Debug|Any CPU
		Release|Any CPU = Release|Any CPU
	EndGlobalSection
	GlobalSection(ProjectConfigurationPlatforms) = postSolution
		{CDAFF7E3-1D89-48A3-9E8F-8C6DBEE0203B}.Debug|Any CPU.ActiveCfg = Debug|Any CPU
		{CDAFF7E3-1D89-48A3-9E8F-8C6DBEE0203B}.Debug|Any CPU.Build.0 = Debug|Any CPU
		{CDAFF7E3-1D89-48A3-9E8F-8C6DBEE0203B}.Release|Any CPU.ActiveCfg = Release|Any CPU
		{CDAFF7E3-1D89-48A3-9E8F-8C6DBEE0203B}.Release|Any CPU.Build.0 = Release|Any CPU
	EndGlobalSection
	GlobalSection(SolutionProperties) = preSolution
		HideSolutionNode = FALSE
	EndGlobalSection
	GlobalSection(ExtensibilityGlobals) = postSolution
		SolutionGuid = {C7D1E393-99DE-4841-AE4E-F2FE8191DDF6}
	EndGlobalSection
EndGlobal
