
Microsoft Visual Studio Solution File, Format Version 12.00
# Visual Studio 15
VisualStudioVersion = 15.0.26730.12
MinimumVisualStudioVersion = 10.0.40219.1
Project("{FAE04EC0-301F-11D3-BF4B-00C04F79EFBC}") = "Exercise_11", "Exercise_11\Exercise_11.csproj", "{566DC5AF-EFD0-47B1-A378-4388A71191A1}"
EndProject
Global
	GlobalSection(SolutionConfigurationPlatforms) = preSolution
		Debug|Any CPU = Debug|Any CPU
		Release|Any CPU = Release|Any CPU
	EndGlobalSection
	GlobalSection(ProjectConfigurationPlatforms) = postSolution
		{566DC5AF-EFD0-47B1-A378-4388A71191A1}.Debug|Any CPU.ActiveCfg = Debug|Any CPU
		{566DC5AF-EFD0-47B1-A378-4388A71191A1}.Debug|Any CPU.Build.0 = Debug|Any CPU
		{566DC5AF-EFD0-47B1-A378-4388A71191A1}.Release|Any CPU.ActiveCfg = Release|Any CPU
		{566DC5AF-EFD0-47B1-A378-4388A71191A1}.Release|Any CPU.Build.0 = Release|Any CPU
	EndGlobalSection
	GlobalSection(SolutionProperties) = preSolution
		HideSolutionNode = FALSE
	EndGlobalSection
	GlobalSection(ExtensibilityGlobals) = postSolution
		SolutionGuid = {4F3AA666-8957-4E2E-A454-4D1DC00BF2D4}
	EndGlobalSection
EndGlobal
