
Microsoft Visual Studio Solution File, Format Version 12.00
# Visual Studio 15
VisualStudioVersion = 15.0.26730.12
MinimumVisualStudioVersion = 10.0.40219.1
Project("{FAE04EC0-301F-11D3-BF4B-00C04F79EFBC}") = "Exercise_05", "Exercise_05\Exercise_05.csproj", "{D4C5D2CA-BEAE-4F9D-B23A-62F269BAA9C3}"
EndProject
Global
	GlobalSection(SolutionConfigurationPlatforms) = preSolution
		Debug|Any CPU = Debug|Any CPU
		Release|Any CPU = Release|Any CPU
	EndGlobalSection
	GlobalSection(ProjectConfigurationPlatforms) = postSolution
		{D4C5D2CA-BEAE-4F9D-B23A-62F269BAA9C3}.Debug|Any CPU.ActiveCfg = Debug|Any CPU
		{D4C5D2CA-BEAE-4F9D-B23A-62F269BAA9C3}.Debug|Any CPU.Build.0 = Debug|Any CPU
		{D4C5D2CA-BEAE-4F9D-B23A-62F269BAA9C3}.Release|Any CPU.ActiveCfg = Release|Any CPU
		{D4C5D2CA-BEAE-4F9D-B23A-62F269BAA9C3}.Release|Any CPU.Build.0 = Release|Any CPU
	EndGlobalSection
	GlobalSection(SolutionProperties) = preSolution
		HideSolutionNode = FALSE
	EndGlobalSection
	GlobalSection(ExtensibilityGlobals) = postSolution
		SolutionGuid = {2B5C03CC-8590-4B04-A671-617C28E124E2}
	EndGlobalSection
EndGlobal
