
Microsoft Visual Studio Solution File, Format Version 12.00
# Visual Studio 15
VisualStudioVersion = 15.0.26730.16
MinimumVisualStudioVersion = 10.0.40219.1
Project("{FAE04EC0-301F-11D3-BF4B-00C04F79EFBC}") = "Exercise_06", "Exercise_06\Exercise_06.csproj", "{38DD2084-13AC-4219-B441-B41065F78841}"
EndProject
Global
	GlobalSection(SolutionConfigurationPlatforms) = preSolution
		Debug|Any CPU = Debug|Any CPU
		Release|Any CPU = Release|Any CPU
	EndGlobalSection
	GlobalSection(ProjectConfigurationPlatforms) = postSolution
		{38DD2084-13AC-4219-B441-B41065F78841}.Debug|Any CPU.ActiveCfg = Debug|Any CPU
		{38DD2084-13AC-4219-B441-B41065F78841}.Debug|Any CPU.Build.0 = Debug|Any CPU
		{38DD2084-13AC-4219-B441-B41065F78841}.Release|Any CPU.ActiveCfg = Release|Any CPU
		{38DD2084-13AC-4219-B441-B41065F78841}.Release|Any CPU.Build.0 = Release|Any CPU
	EndGlobalSection
	GlobalSection(SolutionProperties) = preSolution
		HideSolutionNode = FALSE
	EndGlobalSection
	GlobalSection(ExtensibilityGlobals) = postSolution
		SolutionGuid = {53DEFCE7-8466-4DED-AEFF-B23B72883198}
	EndGlobalSection
EndGlobal
