
Microsoft Visual Studio Solution File, Format Version 12.00
# Visual Studio 15
VisualStudioVersion = 15.0.26730.12
MinimumVisualStudioVersion = 10.0.40219.1
Project("{FAE04EC0-301F-11D3-BF4B-00C04F79EFBC}") = "Anagram", "Anagram\Anagram.csproj", "{B07EE748-C86A-470C-BDB3-80B9816E5029}"
EndProject
Global
	GlobalSection(SolutionConfigurationPlatforms) = preSolution
		Debug|Any CPU = Debug|Any CPU
		Release|Any CPU = Release|Any CPU
	EndGlobalSection
	GlobalSection(ProjectConfigurationPlatforms) = postSolution
		{B07EE748-C86A-470C-BDB3-80B9816E5029}.Debug|Any CPU.ActiveCfg = Debug|Any CPU
		{B07EE748-C86A-470C-BDB3-80B9816E5029}.Debug|Any CPU.Build.0 = Debug|Any CPU
		{B07EE748-C86A-470C-BDB3-80B9816E5029}.Release|Any CPU.ActiveCfg = Release|Any CPU
		{B07EE748-C86A-470C-BDB3-80B9816E5029}.Release|Any CPU.Build.0 = Release|Any CPU
	EndGlobalSection
	GlobalSection(SolutionProperties) = preSolution
		HideSolutionNode = FALSE
	EndGlobalSection
	GlobalSection(ExtensibilityGlobals) = postSolution
		SolutionGuid = {431842D9-0464-4680-BA04-7ED3CB057BA2}
	EndGlobalSection
EndGlobal
